
Microsoft Visual Studio Solution File, Format Version 12.00
# Visual Studio 15
VisualStudioVersion = 15.0.27130.2036
MinimumVisualStudioVersion = 10.0.40219.1
Project("{FAE04EC0-301F-11D3-BF4B-00C04F79EFBC}") = "BookChapter8", "BookChapter8\BookChapter8.csproj", "{B93E2629-9D9A-4EDF-B8D8-A7EC722FCCB7}"
EndProject
Global
	GlobalSection(SolutionConfigurationPlatforms) = preSolution
		Debug|Any CPU = Debug|Any CPU
		Release|Any CPU = Release|Any CPU
	EndGlobalSection
	GlobalSection(ProjectConfigurationPlatforms) = postSolution
		{B93E2629-9D9A-4EDF-B8D8-A7EC722FCCB7}.Debug|Any CPU.ActiveCfg = Debug|Any CPU
		{B93E2629-9D9A-4EDF-B8D8-A7EC722FCCB7}.Debug|Any CPU.Build.0 = Debug|Any CPU
		{B93E2629-9D9A-4EDF-B8D8-A7EC722FCCB7}.Release|Any CPU.ActiveCfg = Release|Any CPU
		{B93E2629-9D9A-4EDF-B8D8-A7EC722FCCB7}.Release|Any CPU.Build.0 = Release|Any CPU
	EndGlobalSection
	GlobalSection(SolutionProperties) = preSolution
		HideSolutionNode = FALSE
	EndGlobalSection
	GlobalSection(ExtensibilityGlobals) = postSolution
		SolutionGuid = {07FF8528-3301-4DA9-B14A-3E3174287976}
	EndGlobalSection
EndGlobal
